
Microsoft Visual Studio Solution File, Format Version 12.00
# Visual Studio Version 16
VisualStudioVersion = 16.0.30114.105
MinimumVisualStudioVersion = 10.0.40219.1
Project("{9A19103F-16F7-4668-BE54-9A1E7A4F7556}") = "ABC.Service", "ABC.Service\ABC.Service.csproj", "{1CB5D798-474D-4DC7-8BA3-AE06F976EFC1}"
EndProject
Project("{9A19103F-16F7-4668-BE54-9A1E7A4F7556}") = "ABC.Entity", "ABC.Entity\ABC.Entity.csproj", "{5B166483-828F-4CE4-9428-1029589E13E5}"
EndProject
Project("{9A19103F-16F7-4668-BE54-9A1E7A4F7556}") = "ABC.DAL", "ABC.DAL\ABC.DAL.csproj", "{A683C91B-3EB9-42D2-8769-63E747DCFD8F}"
EndProject
Project("{9A19103F-16F7-4668-BE54-9A1E7A4F7556}") = "ABC.Core", "ABC.Core\ABC.Core.csproj", "{DB7F4EEC-4CCD-4235-BE7A-09F3B5B7F262}"
EndProject
Project("{FAE04EC0-301F-11D3-BF4B-00C04F79EFBC}") = "ABC.Business", "ABC.Business\ABC.Business.csproj", "{24F14421-19A2-412C-A037-FD796704094A}"
EndProject
Global
	GlobalSection(SolutionConfigurationPlatforms) = preSolution
		Debug|Any CPU = Debug|Any CPU
		Debug|x64 = Debug|x64
		Debug|x86 = Debug|x86
		Release|Any CPU = Release|Any CPU
		Release|x64 = Release|x64
		Release|x86 = Release|x86
	EndGlobalSection
	GlobalSection(ProjectConfigurationPlatforms) = postSolution
		{1CB5D798-474D-4DC7-8BA3-AE06F976EFC1}.Debug|Any CPU.ActiveCfg = Debug|Any CPU
		{1CB5D798-474D-4DC7-8BA3-AE06F976EFC1}.Debug|Any CPU.Build.0 = Debug|Any CPU
		{1CB5D798-474D-4DC7-8BA3-AE06F976EFC1}.Debug|x64.ActiveCfg = Debug|Any CPU
		{1CB5D798-474D-4DC7-8BA3-AE06F976EFC1}.Debug|x64.Build.0 = Debug|Any CPU
		{1CB5D798-474D-4DC7-8BA3-AE06F976EFC1}.Debug|x86.ActiveCfg = Debug|Any CPU
		{1CB5D798-474D-4DC7-8BA3-AE06F976EFC1}.Debug|x86.Build.0 = Debug|Any CPU
		{1CB5D798-474D-4DC7-8BA3-AE06F976EFC1}.Release|Any CPU.ActiveCfg = Release|Any CPU
		{1CB5D798-474D-4DC7-8BA3-AE06F976EFC1}.Release|Any CPU.Build.0 = Release|Any CPU
		{1CB5D798-474D-4DC7-8BA3-AE06F976EFC1}.Release|x64.ActiveCfg = Release|Any CPU
		{1CB5D798-474D-4DC7-8BA3-AE06F976EFC1}.Release|x64.Build.0 = Release|Any CPU
		{1CB5D798-474D-4DC7-8BA3-AE06F976EFC1}.Release|x86.ActiveCfg = Release|Any CPU
		{1CB5D798-474D-4DC7-8BA3-AE06F976EFC1}.Release|x86.Build.0 = Release|Any CPU
		{5B166483-828F-4CE4-9428-1029589E13E5}.Debug|Any CPU.ActiveCfg = Debug|Any CPU
		{5B166483-828F-4CE4-9428-1029589E13E5}.Debug|Any CPU.Build.0 = Debug|Any CPU
		{5B166483-828F-4CE4-9428-1029589E13E5}.Debug|x64.ActiveCfg = Debug|Any CPU
		{5B166483-828F-4CE4-9428-1029589E13E5}.Debug|x64.Build.0 = Debug|Any CPU
		{5B166483-828F-4CE4-9428-1029589E13E5}.Debug|x86.ActiveCfg = Debug|Any CPU
		{5B166483-828F-4CE4-9428-1029589E13E5}.Debug|x86.Build.0 = Debug|Any CPU
		{5B166483-828F-4CE4-9428-1029589E13E5}.Release|Any CPU.ActiveCfg = Release|Any CPU
		{5B166483-828F-4CE4-9428-1029589E13E5}.Release|Any CPU.Build.0 = Release|Any CPU
		{5B166483-828F-4CE4-9428-1029589E13E5}.Release|x64.ActiveCfg = Release|Any CPU
		{5B166483-828F-4CE4-9428-1029589E13E5}.Release|x64.Build.0 = Release|Any CPU
		{5B166483-828F-4CE4-9428-1029589E13E5}.Release|x86.ActiveCfg = Release|Any CPU
		{5B166483-828F-4CE4-9428-1029589E13E5}.Release|x86.Build.0 = Release|Any CPU
		{A683C91B-3EB9-42D2-8769-63E747DCFD8F}.Debug|Any CPU.ActiveCfg = Debug|Any CPU
		{A683C91B-3EB9-42D2-8769-63E747DCFD8F}.Debug|Any CPU.Build.0 = Debug|Any CPU
		{A683C91B-3EB9-42D2-8769-63E747DCFD8F}.Debug|x64.ActiveCfg = Debug|Any CPU
		{A683C91B-3EB9-42D2-8769-63E747DCFD8F}.Debug|x64.Build.0 = Debug|Any CPU
		{A683C91B-3EB9-42D2-8769-63E747DCFD8F}.Debug|x86.ActiveCfg = Debug|Any CPU
		{A683C91B-3EB9-42D2-8769-63E747DCFD8F}.Debug|x86.Build.0 = Debug|Any CPU
		{A683C91B-3EB9-42D2-8769-63E747DCFD8F}.Release|Any CPU.ActiveCfg = Release|Any CPU
		{A683C91B-3EB9-42D2-8769-63E747DCFD8F}.Release|Any CPU.Build.0 = Release|Any CPU
		{A683C91B-3EB9-42D2-8769-63E747DCFD8F}.Release|x64.ActiveCfg = Release|Any CPU
		{A683C91B-3EB9-42D2-8769-63E747DCFD8F}.Release|x64.Build.0 = Release|Any CPU
		{A683C91B-3EB9-42D2-8769-63E747DCFD8F}.Release|x86.ActiveCfg = Release|Any CPU
		{A683C91B-3EB9-42D2-8769-63E747DCFD8F}.Release|x86.Build.0 = Release|Any CPU
		{DB7F4EEC-4CCD-4235-BE7A-09F3B5B7F262}.Debug|Any CPU.ActiveCfg = Debug|Any CPU
		{DB7F4EEC-4CCD-4235-BE7A-09F3B5B7F262}.Debug|Any CPU.Build.0 = Debug|Any CPU
		{DB7F4EEC-4CCD-4235-BE7A-09F3B5B7F262}.Debug|x64.ActiveCfg = Debug|Any CPU
		{DB7F4EEC-4CCD-4235-BE7A-09F3B5B7F262}.Debug|x64.Build.0 = Debug|Any CPU
		{DB7F4EEC-4CCD-4235-BE7A-09F3B5B7F262}.Debug|x86.ActiveCfg = Debug|Any CPU
		{DB7F4EEC-4CCD-4235-BE7A-09F3B5B7F262}.Debug|x86.Build.0 = Debug|Any CPU
		{DB7F4EEC-4CCD-4235-BE7A-09F3B5B7F262}.Release|Any CPU.ActiveCfg = Release|Any CPU
		{DB7F4EEC-4CCD-4235-BE7A-09F3B5B7F262}.Release|Any CPU.Build.0 = Release|Any CPU
		{DB7F4EEC-4CCD-4235-BE7A-09F3B5B7F262}.Release|x64.ActiveCfg = Release|Any CPU
		{DB7F4EEC-4CCD-4235-BE7A-09F3B5B7F262}.Release|x64.Build.0 = Release|Any CPU
		{DB7F4EEC-4CCD-4235-BE7A-09F3B5B7F262}.Release|x86.ActiveCfg = Release|Any CPU
		{DB7F4EEC-4CCD-4235-BE7A-09F3B5B7F262}.Release|x86.Build.0 = Release|Any CPU
		{24F14421-19A2-412C-A037-FD796704094A}.Debug|Any CPU.ActiveCfg = Debug|Any CPU
		{24F14421-19A2-412C-A037-FD796704094A}.Debug|Any CPU.Build.0 = Debug|Any CPU
		{24F14421-19A2-412C-A037-FD796704094A}.Debug|x64.ActiveCfg = Debug|Any CPU
		{24F14421-19A2-412C-A037-FD796704094A}.Debug|x64.Build.0 = Debug|Any CPU
		{24F14421-19A2-412C-A037-FD796704094A}.Debug|x86.ActiveCfg = Debug|Any CPU
		{24F14421-19A2-412C-A037-FD796704094A}.Debug|x86.Build.0 = Debug|Any CPU
		{24F14421-19A2-412C-A037-FD796704094A}.Release|Any CPU.ActiveCfg = Release|Any CPU
		{24F14421-19A2-412C-A037-FD796704094A}.Release|Any CPU.Build.0 = Release|Any CPU
		{24F14421-19A2-412C-A037-FD796704094A}.Release|x64.ActiveCfg = Release|Any CPU
		{24F14421-19A2-412C-A037-FD796704094A}.Release|x64.Build.0 = Release|Any CPU
		{24F14421-19A2-412C-A037-FD796704094A}.Release|x86.ActiveCfg = Release|Any CPU
		{24F14421-19A2-412C-A037-FD796704094A}.Release|x86.Build.0 = Release|Any CPU
	EndGlobalSection
	GlobalSection(SolutionProperties) = preSolution
		HideSolutionNode = FALSE
	EndGlobalSection
	GlobalSection(ExtensibilityGlobals) = postSolution
		SolutionGuid = {D3AE888D-9A46-4DD6-8786-9175CE4B60B2}
	EndGlobalSection
EndGlobal
