
Microsoft Visual Studio Solution File, Format Version 12.00
# Visual Studio Version 16
VisualStudioVersion = 16.0.30114.105
MinimumVisualStudioVersion = 10.0.40219.1
Project("{FAE04EC0-301F-11D3-BF4B-00C04F79EFBC}") = "ABC.Service", "ABC.Service\ABC.Service.csproj", "{1CB5D798-474D-4DC7-8BA3-AE06F976EFC1}"
EndProject
Global
	GlobalSection(SolutionConfigurationPlatforms) = preSolution
		Debug|Any CPU = Debug|Any CPU
		Debug|x64 = Debug|x64
		Debug|x86 = Debug|x86
		Release|Any CPU = Release|Any CPU
		Release|x64 = Release|x64
		Release|x86 = Release|x86
	EndGlobalSection
	GlobalSection(SolutionProperties) = preSolution
		HideSolutionNode = FALSE
	EndGlobalSection
	GlobalSection(ProjectConfigurationPlatforms) = postSolution
		{1CB5D798-474D-4DC7-8BA3-AE06F976EFC1}.Debug|Any CPU.ActiveCfg = Debug|Any CPU
		{1CB5D798-474D-4DC7-8BA3-AE06F976EFC1}.Debug|Any CPU.Build.0 = Debug|Any CPU
		{1CB5D798-474D-4DC7-8BA3-AE06F976EFC1}.Debug|x64.ActiveCfg = Debug|Any CPU
		{1CB5D798-474D-4DC7-8BA3-AE06F976EFC1}.Debug|x64.Build.0 = Debug|Any CPU
		{1CB5D798-474D-4DC7-8BA3-AE06F976EFC1}.Debug|x86.ActiveCfg = Debug|Any CPU
		{1CB5D798-474D-4DC7-8BA3-AE06F976EFC1}.Debug|x86.Build.0 = Debug|Any CPU
		{1CB5D798-474D-4DC7-8BA3-AE06F976EFC1}.Release|Any CPU.ActiveCfg = Release|Any CPU
		{1CB5D798-474D-4DC7-8BA3-AE06F976EFC1}.Release|Any CPU.Build.0 = Release|Any CPU
		{1CB5D798-474D-4DC7-8BA3-AE06F976EFC1}.Release|x64.ActiveCfg = Release|Any CPU
		{1CB5D798-474D-4DC7-8BA3-AE06F976EFC1}.Release|x64.Build.0 = Release|Any CPU
		{1CB5D798-474D-4DC7-8BA3-AE06F976EFC1}.Release|x86.ActiveCfg = Release|Any CPU
		{1CB5D798-474D-4DC7-8BA3-AE06F976EFC1}.Release|x86.Build.0 = Release|Any CPU
	EndGlobalSection
EndGlobal
